
Microsoft Visual Studio Solution File, Format Version 12.00
# Visual Studio Version 17
VisualStudioVersion = 17.1.32414.318
MinimumVisualStudioVersion = 10.0.40219.1
Project("{9A19103F-16F7-4668-BE54-9A1E7A4F7556}") = "H6_Gevorderde_Overervingsconcepten", "H6_Gevorderde_Overervingsconcepten\H6_Gevorderde_Overervingsconcepten.csproj", "{3BA771F6-8AF3-437B-911C-32330FE83900}"
EndProject
Project("{9A19103F-16F7-4668-BE54-9A1E7A4F7556}") = "H9_Interfaces", "H9_Interfaces\H9_Interfaces.csproj", "{DDC9A94A-65C9-478A-B8DA-FF66D750BA30}"
EndProject
Project("{9A19103F-16F7-4668-BE54-9A1E7A4F7556}") = "H8_Polymorfisme", "H8_Polymorfisme\H8_Polymorfisme.csproj", "{83F4FE71-2CD1-4833-9FB0-C14BF9C123C3}"
EndProject
Project("{9A19103F-16F7-4668-BE54-9A1E7A4F7556}") = "H7_Compositie en aggregatie", "H7_Compositie en aggregatie\H7_Compositie en aggregatie.csproj", "{067C5B77-9B07-4C7B-A43D-ED114FFFB005}"
EndProject
Project("{FAE04EC0-301F-11D3-BF4B-00C04F79EFBC}") = "H5-H9", "H5-H9\H5-H9.csproj", "{A705BD81-BA03-43B9-9B9C-6EBDE4EFBC2C}"
EndProject
Project("{FAE04EC0-301F-11D3-BF4B-00C04F79EFBC}") = "Pong Game", "Pong Game\Pong Game.csproj", "{D8DF5F8B-9FEE-41AA-8CA7-16CF528D86F4}"
EndProject
Global
	GlobalSection(SolutionConfigurationPlatforms) = preSolution
		Debug|Any CPU = Debug|Any CPU
		Release|Any CPU = Release|Any CPU
	EndGlobalSection
	GlobalSection(ProjectConfigurationPlatforms) = postSolution
		{3BA771F6-8AF3-437B-911C-32330FE83900}.Debug|Any CPU.ActiveCfg = Debug|Any CPU
		{3BA771F6-8AF3-437B-911C-32330FE83900}.Debug|Any CPU.Build.0 = Debug|Any CPU
		{3BA771F6-8AF3-437B-911C-32330FE83900}.Release|Any CPU.ActiveCfg = Release|Any CPU
		{3BA771F6-8AF3-437B-911C-32330FE83900}.Release|Any CPU.Build.0 = Release|Any CPU
		{DDC9A94A-65C9-478A-B8DA-FF66D750BA30}.Debug|Any CPU.ActiveCfg = Debug|Any CPU
		{DDC9A94A-65C9-478A-B8DA-FF66D750BA30}.Debug|Any CPU.Build.0 = Debug|Any CPU
		{DDC9A94A-65C9-478A-B8DA-FF66D750BA30}.Release|Any CPU.ActiveCfg = Release|Any CPU
		{DDC9A94A-65C9-478A-B8DA-FF66D750BA30}.Release|Any CPU.Build.0 = Release|Any CPU
		{83F4FE71-2CD1-4833-9FB0-C14BF9C123C3}.Debug|Any CPU.ActiveCfg = Debug|Any CPU
		{83F4FE71-2CD1-4833-9FB0-C14BF9C123C3}.Debug|Any CPU.Build.0 = Debug|Any CPU
		{83F4FE71-2CD1-4833-9FB0-C14BF9C123C3}.Release|Any CPU.ActiveCfg = Release|Any CPU
		{83F4FE71-2CD1-4833-9FB0-C14BF9C123C3}.Release|Any CPU.Build.0 = Release|Any CPU
		{067C5B77-9B07-4C7B-A43D-ED114FFFB005}.Debug|Any CPU.ActiveCfg = Debug|Any CPU
		{067C5B77-9B07-4C7B-A43D-ED114FFFB005}.Debug|Any CPU.Build.0 = Debug|Any CPU
		{067C5B77-9B07-4C7B-A43D-ED114FFFB005}.Release|Any CPU.ActiveCfg = Release|Any CPU
		{067C5B77-9B07-4C7B-A43D-ED114FFFB005}.Release|Any CPU.Build.0 = Release|Any CPU
		{A705BD81-BA03-43B9-9B9C-6EBDE4EFBC2C}.Debug|Any CPU.ActiveCfg = Debug|Any CPU
		{A705BD81-BA03-43B9-9B9C-6EBDE4EFBC2C}.Debug|Any CPU.Build.0 = Debug|Any CPU
		{A705BD81-BA03-43B9-9B9C-6EBDE4EFBC2C}.Release|Any CPU.ActiveCfg = Release|Any CPU
		{A705BD81-BA03-43B9-9B9C-6EBDE4EFBC2C}.Release|Any CPU.Build.0 = Release|Any CPU
		{D8DF5F8B-9FEE-41AA-8CA7-16CF528D86F4}.Debug|Any CPU.ActiveCfg = Debug|Any CPU
		{D8DF5F8B-9FEE-41AA-8CA7-16CF528D86F4}.Debug|Any CPU.Build.0 = Debug|Any CPU
		{D8DF5F8B-9FEE-41AA-8CA7-16CF528D86F4}.Release|Any CPU.ActiveCfg = Release|Any CPU
		{D8DF5F8B-9FEE-41AA-8CA7-16CF528D86F4}.Release|Any CPU.Build.0 = Release|Any CPU
	EndGlobalSection
	GlobalSection(SolutionProperties) = preSolution
		HideSolutionNode = FALSE
	EndGlobalSection
	GlobalSection(ExtensibilityGlobals) = postSolution
		SolutionGuid = {7A8882A8-6897-42D3-AEC8-5681AC8482AA}
	EndGlobalSection
EndGlobal
